
Microsoft Visual Studio Solution File, Format Version 12.00
# Visual Studio 14
VisualStudioVersion = 14.0.24720.0
MinimumVisualStudioVersion = 10.0.40219.1
Project("{FAE04EC0-301F-11D3-BF4B-00C04F79EFBC}") = "LojaVirtualCleiton", "LojaVirtualCleiton\LojaVirtualCleiton.csproj", "{9022EADE-971E-4A40-8E1A-C4BC62EE950B}"
EndProject
Project("{FAE04EC0-301F-11D3-BF4B-00C04F79EFBC}") = "Class1", "Class1\Class1.csproj", "{4F5942E7-0150-44B4-AF6E-1DDBFA29470D}"
EndProject
Project("{FAE04EC0-301F-11D3-BF4B-00C04F79EFBC}") = "TestSalvarCliente", "TestModelo\TestSalvarCliente.csproj", "{627BEB47-7C50-4A8A-B2B2-8624EEFE4827}"
EndProject
Project("{FAE04EC0-301F-11D3-BF4B-00C04F79EFBC}") = "Modelo", "Modelo\Modelo.csproj", "{20DBE4B8-45CE-4FD1-A9C8-7CE6574EEB76}"
EndProject
Project("{FAE04EC0-301F-11D3-BF4B-00C04F79EFBC}") = "TesteLojaVirtual", "TesteLojaVirtual\TesteLojaVirtual.csproj", "{6656DA27-9463-49CC-8CE4-3E9C1D9670B3}"
EndProject
Project("{FAE04EC0-301F-11D3-BF4B-00C04F79EFBC}") = "TesteSalvarProduto", "TesteModelo\TesteSalvarProduto.csproj", "{8627683B-3133-4968-8712-DA8F563E0F14}"
EndProject
Global
	GlobalSection(SolutionConfigurationPlatforms) = preSolution
		Debug|Any CPU = Debug|Any CPU
		Release|Any CPU = Release|Any CPU
	EndGlobalSection
	GlobalSection(ProjectConfigurationPlatforms) = postSolution
		{9022EADE-971E-4A40-8E1A-C4BC62EE950B}.Debug|Any CPU.ActiveCfg = Debug|Any CPU
		{9022EADE-971E-4A40-8E1A-C4BC62EE950B}.Debug|Any CPU.Build.0 = Debug|Any CPU
		{9022EADE-971E-4A40-8E1A-C4BC62EE950B}.Release|Any CPU.ActiveCfg = Release|Any CPU
		{9022EADE-971E-4A40-8E1A-C4BC62EE950B}.Release|Any CPU.Build.0 = Release|Any CPU
		{4F5942E7-0150-44B4-AF6E-1DDBFA29470D}.Debug|Any CPU.ActiveCfg = Debug|Any CPU
		{4F5942E7-0150-44B4-AF6E-1DDBFA29470D}.Debug|Any CPU.Build.0 = Debug|Any CPU
		{4F5942E7-0150-44B4-AF6E-1DDBFA29470D}.Release|Any CPU.ActiveCfg = Release|Any CPU
		{4F5942E7-0150-44B4-AF6E-1DDBFA29470D}.Release|Any CPU.Build.0 = Release|Any CPU
		{627BEB47-7C50-4A8A-B2B2-8624EEFE4827}.Debug|Any CPU.ActiveCfg = Debug|Any CPU
		{627BEB47-7C50-4A8A-B2B2-8624EEFE4827}.Debug|Any CPU.Build.0 = Debug|Any CPU
		{627BEB47-7C50-4A8A-B2B2-8624EEFE4827}.Release|Any CPU.ActiveCfg = Release|Any CPU
		{627BEB47-7C50-4A8A-B2B2-8624EEFE4827}.Release|Any CPU.Build.0 = Release|Any CPU
		{20DBE4B8-45CE-4FD1-A9C8-7CE6574EEB76}.Debug|Any CPU.ActiveCfg = Debug|Any CPU
		{20DBE4B8-45CE-4FD1-A9C8-7CE6574EEB76}.Debug|Any CPU.Build.0 = Debug|Any CPU
		{20DBE4B8-45CE-4FD1-A9C8-7CE6574EEB76}.Release|Any CPU.ActiveCfg = Release|Any CPU
		{20DBE4B8-45CE-4FD1-A9C8-7CE6574EEB76}.Release|Any CPU.Build.0 = Release|Any CPU
		{6656DA27-9463-49CC-8CE4-3E9C1D9670B3}.Debug|Any CPU.ActiveCfg = Debug|Any CPU
		{6656DA27-9463-49CC-8CE4-3E9C1D9670B3}.Debug|Any CPU.Build.0 = Debug|Any CPU
		{6656DA27-9463-49CC-8CE4-3E9C1D9670B3}.Release|Any CPU.ActiveCfg = Release|Any CPU
		{6656DA27-9463-49CC-8CE4-3E9C1D9670B3}.Release|Any CPU.Build.0 = Release|Any CPU
		{8627683B-3133-4968-8712-DA8F563E0F14}.Debug|Any CPU.ActiveCfg = Debug|Any CPU
		{8627683B-3133-4968-8712-DA8F563E0F14}.Debug|Any CPU.Build.0 = Debug|Any CPU
		{8627683B-3133-4968-8712-DA8F563E0F14}.Release|Any CPU.ActiveCfg = Release|Any CPU
		{8627683B-3133-4968-8712-DA8F563E0F14}.Release|Any CPU.Build.0 = Release|Any CPU
	EndGlobalSection
	GlobalSection(SolutionProperties) = preSolution
		HideSolutionNode = FALSE
	EndGlobalSection
EndGlobal
